// !$*UTF8*$!
{
	archiveVersion = 1;
	classes = {
	};
	objectVersion = 46;
	objects = {

/* Begin PBXBuildFile section */
		4B7FCFA847CCCB26ABECB5CE /* libPods.a in Frameworks */ = {isa = PBXBuildFile; fileRef = A05766B34BFE341F52DEC7C2 /* libPods.a */; };
		AC14CDC91A64E709009509D5 /* main.m in Sources */ = {isa = PBXBuildFile; fileRef = AC14CDC81A64E709009509D5 /* main.m */; };
		AC14CDCC1A64E709009509D5 /* AppDelegate.m in Sources */ = {isa = PBXBuildFile; fileRef = AC14CDCB1A64E709009509D5 /* AppDelegate.m */; };
		AC14CDCF1A64E709009509D5 /* ViewController.m in Sources */ = {isa = PBXBuildFile; fileRef = AC14CDCE1A64E709009509D5 /* ViewController.m */; };
		AC14CDD21A64E709009509D5 /* Main.storyboard in Resources */ = {isa = PBXBuildFile; fileRef = AC14CDD01A64E709009509D5 /* Main.storyboard */; };
		AC14CDD41A64E709009509D5 /* Images.xcassets in Resources */ = {isa = PBXBuildFile; fileRef = AC14CDD31A64E709009509D5 /* Images.xcassets */; };
		AC14CDD71A64E709009509D5 /* LaunchScreen.xib in Resources */ = {isa = PBXBuildFile; fileRef = AC14CDD51A64E709009509D5 /* LaunchScreen.xib */; };
		AC14CDE31A64E709009509D5 /* PersianVideoTests.m in Sources */ = {isa = PBXBuildFile; fileRef = AC14CDE21A64E709009509D5 /* PersianVideoTests.m */; };
		AC14CDEF1A64E85E009509D5 /* SWRevealViewController.m in Sources */ = {isa = PBXBuildFile; fileRef = AC14CDEE1A64E85E009509D5 /* SWRevealViewController.m */; };
		AC14CDF41A64F698009509D5 /* MenuItem.m in Sources */ = {isa = PBXBuildFile; fileRef = AC14CDF11A64F698009509D5 /* MenuItem.m */; };
		AC14CDF51A64F698009509D5 /* SidebarTableViewController.m in Sources */ = {isa = PBXBuildFile; fileRef = AC14CDF31A64F698009509D5 /* SidebarTableViewController.m */; };
		AC8DE4CD1A6B4869006330E9 /* MediaPlayer.framework in Frameworks */ = {isa = PBXBuildFile; fileRef = AC8DE4CC1A6B4869006330E9 /* MediaPlayer.framework */; };
		AC8DE4D01A6B5688006330E9 /* ListItem.m in Sources */ = {isa = PBXBuildFile; fileRef = AC8DE4CF1A6B5688006330E9 /* ListItem.m */; };
/* End PBXBuildFile section */

/* Begin PBXContainerItemProxy section */
		AC14CDDD1A64E709009509D5 /* PBXContainerItemProxy */ = {
			isa = PBXContainerItemProxy;
			containerPortal = AC14CDBB1A64E709009509D5 /* Project object */;
			proxyType = 1;
			remoteGlobalIDString = AC14CDC21A64E709009509D5;
			remoteInfo = PersianVideo;
		};
/* End PBXContainerItemProxy section */

/* Begin PBXFileReference section */
		7C50C409904DAC5AA68DE084 /* Pods.debug.xcconfig */ = {isa = PBXFileReference; includeInIndex = 1; lastKnownFileType = text.xcconfig; name = Pods.debug.xcconfig; path = "Pods/Target Support Files/Pods/Pods.debug.xcconfig"; sourceTree = "<group>"; };
		A05766B34BFE341F52DEC7C2 /* libPods.a */ = {isa = PBXFileReference; explicitFileType = archive.ar; includeInIndex = 0; path = libPods.a; sourceTree = BUILT_PRODUCTS_DIR; };
		A94517D5A9C78D7D9649FBB8 /* Pods.release.xcconfig */ = {isa = PBXFileReference; includeInIndex = 1; lastKnownFileType = text.xcconfig; name = Pods.release.xcconfig; path = "Pods/Target Support Files/Pods/Pods.release.xcconfig"; sourceTree = "<group>"; };
		AC14CDC31A64E709009509D5 /* PersianVideo.app */ = {isa = PBXFileReference; explicitFileType = wrapper.application; includeInIndex = 0; path = PersianVideo.app; sourceTree = BUILT_PRODUCTS_DIR; };
		AC14CDC71A64E709009509D5 /* Info.plist */ = {isa = PBXFileReference; lastKnownFileType = text.plist.xml; path = Info.plist; sourceTree = "<group>"; };
		AC14CDC81A64E709009509D5 /* main.m */ = {isa = PBXFileReference; lastKnownFileType = sourcecode.c.objc; path = main.m; sourceTree = "<group>"; };
		AC14CDCA1A64E709009509D5 /* AppDelegate.h */ = {isa = PBXFileReference; lastKnownFileType = sourcecode.c.h; path = AppDelegate.h; sourceTree = "<group>"; };
		AC14CDCB1A64E709009509D5 /* AppDelegate.m */ = {isa = PBXFileReference; lastKnownFileType = sourcecode.c.objc; path = AppDelegate.m; sourceTree = "<group>"; };
		AC14CDCD1A64E709009509D5 /* ViewController.h */ = {isa = PBXFileReference; lastKnownFileType = sourcecode.c.h; path = ViewController.h; sourceTree = "<group>"; };
		AC14CDCE1A64E709009509D5 /* ViewController.m */ = {isa = PBXFileReference; lastKnownFileType = sourcecode.c.objc; path = ViewController.m; sourceTree = "<group>"; };
		AC14CDD11A64E709009509D5 /* Base */ = {isa = PBXFileReference; lastKnownFileType = file.storyboard; name = Base; path = Base.lproj/Main.storyboard; sourceTree = "<group>"; };
		AC14CDD31A64E709009509D5 /* Images.xcassets */ = {isa = PBXFileReference; lastKnownFileType = folder.assetcatalog; path = Images.xcassets; sourceTree = "<group>"; };
		AC14CDD61A64E709009509D5 /* Base */ = {isa = PBXFileReference; lastKnownFileType = file.xib; name = Base; path = Base.lproj/LaunchScreen.xib; sourceTree = "<group>"; };
		AC14CDDC1A64E709009509D5 /* PersianVideoTests.xctest */ = {isa = PBXFileReference; explicitFileType = wrapper.cfbundle; includeInIndex = 0; path = PersianVideoTests.xctest; sourceTree = BUILT_PRODUCTS_DIR; };
		AC14CDE11A64E709009509D5 /* Info.plist */ = {isa = PBXFileReference; lastKnownFileType = text.plist.xml; path = Info.plist; sourceTree = "<group>"; };
		AC14CDE21A64E709009509D5 /* PersianVideoTests.m */ = {isa = PBXFileReference; lastKnownFileType = sourcecode.c.objc; path = PersianVideoTests.m; sourceTree = "<group>"; };
		AC14CDED1A64E7FD009509D5 /* SWRevealViewController.h */ = {isa = PBXFileReference; lastKnownFileType = sourcecode.c.h; path = SWRevealViewController.h; sourceTree = "<group>"; };
		AC14CDEE1A64E85E009509D5 /* SWRevealViewController.m */ = {isa = PBXFileReference; fileEncoding = 4; lastKnownFileType = sourcecode.c.objc; path = SWRevealViewController.m; sourceTree = "<group>"; };
		AC14CDF01A64F698009509D5 /* MenuItem.h */ = {isa = PBXFileReference; fileEncoding = 4; lastKnownFileType = sourcecode.c.h; path = MenuItem.h; sourceTree = "<group>"; };
		AC14CDF11A64F698009509D5 /* MenuItem.m */ = {isa = PBXFileReference; fileEncoding = 4; lastKnownFileType = sourcecode.c.objc; path = MenuItem.m; sourceTree = "<group>"; };
		AC14CDF21A64F698009509D5 /* SidebarTableViewController.h */ = {isa = PBXFileReference; fileEncoding = 4; lastKnownFileType = sourcecode.c.h; path = SidebarTableViewController.h; sourceTree = "<group>"; };
		AC14CDF31A64F698009509D5 /* SidebarTableViewController.m */ = {isa = PBXFileReference; fileEncoding = 4; lastKnownFileType = sourcecode.c.objc; path = SidebarTableViewController.m; sourceTree = "<group>"; };
		AC8DE4CC1A6B4869006330E9 /* MediaPlayer.framework */ = {isa = PBXFileReference; lastKnownFileType = wrapper.framework; name = MediaPlayer.framework; path = System/Library/Frameworks/MediaPlayer.framework; sourceTree = SDKROOT; };
		AC8DE4CE1A6B5676006330E9 /* ListItem.h */ = {isa = PBXFileReference; lastKnownFileType = sourcecode.c.h; path = ListItem.h; sourceTree = "<group>"; };
		AC8DE4CF1A6B5688006330E9 /* ListItem.m */ = {isa = PBXFileReference; fileEncoding = 4; lastKnownFileType = sourcecode.c.objc; path = ListItem.m; sourceTree = "<group>"; };
/* End PBXFileReference section */

/* Begin PBXFrameworksBuildPhase section */
		AC14CDC01A64E709009509D5 /* Frameworks */ = {
			isa = PBXFrameworksBuildPhase;
			buildActionMask = 2147483647;
			files = (
				AC8DE4CD1A6B4869006330E9 /* MediaPlayer.framework in Frameworks */,
				4B7FCFA847CCCB26ABECB5CE /* libPods.a in Frameworks */,
			);
			runOnlyForDeploymentPostprocessing = 0;
		};
		AC14CDD91A64E709009509D5 /* Frameworks */ = {
			isa = PBXFrameworksBuildPhase;
			buildActionMask = 2147483647;
			files = (
			);
			runOnlyForDeploymentPostprocessing = 0;
		};
/* End PBXFrameworksBuildPhase section */

/* Begin PBXGroup section */
		9D0A693F52D87BD5F5C6B4EC /* Pods */ = {
			isa = PBXGroup;
			children = (
				7C50C409904DAC5AA68DE084 /* Pods.debug.xcconfig */,
				A94517D5A9C78D7D9649FBB8 /* Pods.release.xcconfig */,
			);
			name = Pods;
			sourceTree = "<group>";
		};
		AC14CDBA1A64E709009509D5 = {
			isa = PBXGroup;
			children = (
				AC8DE4CC1A6B4869006330E9 /* MediaPlayer.framework */,
				AC14CDC51A64E709009509D5 /* PersianVideo */,
				AC14CDDF1A64E709009509D5 /* PersianVideoTests */,
				AC14CDC41A64E709009509D5 /* Products */,
				9D0A693F52D87BD5F5C6B4EC /* Pods */,
				D9108615EB6D856194562C91 /* Frameworks */,
			);
			sourceTree = "<group>";
		};
		AC14CDC41A64E709009509D5 /* Products */ = {
			isa = PBXGroup;
			children = (
				AC14CDC31A64E709009509D5 /* PersianVideo.app */,
				AC14CDDC1A64E709009509D5 /* PersianVideoTests.xctest */,
			);
			name = Products;
			sourceTree = "<group>";
		};
		AC14CDC51A64E709009509D5 /* PersianVideo */ = {
			isa = PBXGroup;
			children = (
				AC14CDF01A64F698009509D5 /* MenuItem.h */,
				AC14CDF11A64F698009509D5 /* MenuItem.m */,
				AC14CDF21A64F698009509D5 /* SidebarTableViewController.h */,
				AC14CDF31A64F698009509D5 /* SidebarTableViewController.m */,
				AC14CDEC1A64E7A3009509D5 /* SWRevealViewController */,
				AC14CDCA1A64E709009509D5 /* AppDelegate.h */,
				AC14CDCB1A64E709009509D5 /* AppDelegate.m */,
				AC14CDCD1A64E709009509D5 /* ViewController.h */,
				AC14CDCE1A64E709009509D5 /* ViewController.m */,
				AC8DE4CE1A6B5676006330E9 /* ListItem.h */,
				AC8DE4CF1A6B5688006330E9 /* ListItem.m */,
				AC14CDD01A64E709009509D5 /* Main.storyboard */,
				AC14CDD31A64E709009509D5 /* Images.xcassets */,
				AC14CDD51A64E709009509D5 /* LaunchScreen.xib */,
				AC14CDC61A64E709009509D5 /* Supporting Files */,
			);
			path = PersianVideo;
			sourceTree = "<group>";
		};
		AC14CDC61A64E709009509D5 /* Supporting Files */ = {
			isa = PBXGroup;
			children = (
				AC14CDC71A64E709009509D5 /* Info.plist */,
				AC14CDC81A64E709009509D5 /* main.m */,
			);
			name = "Supporting Files";
			sourceTree = "<group>";
		};
		AC14CDDF1A64E709009509D5 /* PersianVideoTests */ = {
			isa = PBXGroup;
			children = (
				AC14CDE21A64E709009509D5 /* PersianVideoTests.m */,
				AC14CDE01A64E709009509D5 /* Supporting Files */,
			);
			path = PersianVideoTests;
			sourceTree = "<group>";
		};
		AC14CDE01A64E709009509D5 /* Supporting Files */ = {
			isa = PBXGroup;
			children = (
				AC14CDE11A64E709009509D5 /* Info.plist */,
			);
			name = "Supporting Files";
			sourceTree = "<group>";
		};
		AC14CDEC1A64E7A3009509D5 /* SWRevealViewController */ = {
			isa = PBXGroup;
			children = (
				AC14CDED1A64E7FD009509D5 /* SWRevealViewController.h */,
				AC14CDEE1A64E85E009509D5 /* SWRevealViewController.m */,
			);
			name = SWRevealViewController;
			sourceTree = "<group>";
		};
		D9108615EB6D856194562C91 /* Frameworks */ = {
			isa = PBXGroup;
			children = (
				A05766B34BFE341F52DEC7C2 /* libPods.a */,
			);
			name = Frameworks;
			sourceTree = "<group>";
		};
/* End PBXGroup section */

/* Begin PBXNativeTarget section */
		AC14CDC21A64E709009509D5 /* PersianVideo */ = {
			isa = PBXNativeTarget;
			buildConfigurationList = AC14CDE61A64E709009509D5 /* Build configuration list for PBXNativeTarget "PersianVideo" */;
			buildPhases = (
				E272E9EFB5DD88E27DCBFF71 /* Check Pods Manifest.lock */,
				AC14CDBF1A64E709009509D5 /* Sources */,
				AC14CDC01A64E709009509D5 /* Frameworks */,
				AC14CDC11A64E709009509D5 /* Resources */,
				F7CDF8C83A4D3CD48E3A3D3F /* Copy Pods Resources */,
			);
			buildRules = (
			);
			dependencies = (
			);
			name = PersianVideo;
			productName = PersianVideo;
			productReference = AC14CDC31A64E709009509D5 /* PersianVideo.app */;
			productType = "com.apple.product-type.application";
		};
		AC14CDDB1A64E709009509D5 /* PersianVideoTests */ = {
			isa = PBXNativeTarget;
			buildConfigurationList = AC14CDE91A64E709009509D5 /* Build configuration list for PBXNativeTarget "PersianVideoTests" */;
			buildPhases = (
				AC14CDD81A64E709009509D5 /* Sources */,
				AC14CDD91A64E709009509D5 /* Frameworks */,
				AC14CDDA1A64E709009509D5 /* Resources */,
			);
			buildRules = (
			);
			dependencies = (
				AC14CDDE1A64E709009509D5 /* PBXTargetDependency */,
			);
			name = PersianVideoTests;
			productName = PersianVideoTests;
			productReference = AC14CDDC1A64E709009509D5 /* PersianVideoTests.xctest */;
			productType = "com.apple.product-type.bundle.unit-test";
		};
/* End PBXNativeTarget section */

/* Begin PBXProject section */
		AC14CDBB1A64E709009509D5 /* Project object */ = {
			isa = PBXProject;
			attributes = {
				LastUpgradeCheck = 0610;
				ORGANIZATIONNAME = "Edward Rezaimehr";
				TargetAttributes = {
					AC14CDC21A64E709009509D5 = {
						CreatedOnToolsVersion = 6.1.1;
						DevelopmentTeam = 5L3DY4FL7D;
					};
					AC14CDDB1A64E709009509D5 = {
						CreatedOnToolsVersion = 6.1.1;
						DevelopmentTeam = 5L3DY4FL7D;
						TestTargetID = AC14CDC21A64E709009509D5;
					};
				};
			};
			buildConfigurationList = AC14CDBE1A64E709009509D5 /* Build configuration list for PBXProject "PersianVideo" */;
			compatibilityVersion = "Xcode 3.2";
			developmentRegion = English;
			hasScannedForEncodings = 0;
			knownRegions = (
				en,
				Base,
			);
			mainGroup = AC14CDBA1A64E709009509D5;
			productRefGroup = AC14CDC41A64E709009509D5 /* Products */;
			projectDirPath = "";
			projectRoot = "";
			targets = (
				AC14CDC21A64E709009509D5 /* PersianVideo */,
				AC14CDDB1A64E709009509D5 /* PersianVideoTests */,
			);
		};
/* End PBXProject section */

/* Begin PBXResourcesBuildPhase section */
		AC14CDC11A64E709009509D5 /* Resources */ = {
			isa = PBXResourcesBuildPhase;
			buildActionMask = 2147483647;
			files = (
				AC14CDD21A64E709009509D5 /* Main.storyboard in Resources */,
				AC14CDD71A64E709009509D5 /* LaunchScreen.xib in Resources */,
				AC14CDD41A64E709009509D5 /* Images.xcassets in Resources */,
			);
			runOnlyForDeploymentPostprocessing = 0;
		};
		AC14CDDA1A64E709009509D5 /* Resources */ = {
			isa = PBXResourcesBuildPhase;
			buildActionMask = 2147483647;
			files = (
			);
			runOnlyForDeploymentPostprocessing = 0;
		};
/* End PBXResourcesBuildPhase section */

/* Begin PBXShellScriptBuildPhase section */
		E272E9EFB5DD88E27DCBFF71 /* Check Pods Manifest.lock */ = {
			isa = PBXShellScriptBuildPhase;
			buildActionMask = 2147483647;
			files = (
			);
			inputPaths = (
			);
			name = "Check Pods Manifest.lock";
			outputPaths = (
			);
			runOnlyForDeploymentPostprocessing = 0;
			shellPath = /bin/sh;
			shellScript = "diff \"${PODS_ROOT}/../Podfile.lock\" \"${PODS_ROOT}/Manifest.lock\" > /dev/null\nif [[ $? != 0 ]] ; then\n    cat << EOM\nerror: The sandbox is not in sync with the Podfile.lock. Run 'pod install' or update your CocoaPods installation.\nEOM\n    exit 1\nfi\n";
			showEnvVarsInLog = 0;
		};
		F7CDF8C83A4D3CD48E3A3D3F /* Copy Pods Resources */ = {
			isa = PBXShellScriptBuildPhase;
			buildActionMask = 2147483647;
			files = (
			);
			inputPaths = (
			);
			name = "Copy Pods Resources";
			outputPaths = (
			);
			runOnlyForDeploymentPostprocessing = 0;
			shellPath = /bin/sh;
			shellScript = "\"${SRCROOT}/Pods/Target Support Files/Pods/Pods-resources.sh\"\n";
			showEnvVarsInLog = 0;
		};
/* End PBXShellScriptBuildPhase section */

/* Begin PBXSourcesBuildPhase section */
		AC14CDBF1A64E709009509D5 /* Sources */ = {
			isa = PBXSourcesBuildPhase;
			buildActionMask = 2147483647;
			files = (
				AC14CDCF1A64E709009509D5 /* ViewController.m in Sources */,
				AC14CDCC1A64E709009509D5 /* AppDelegate.m in Sources */,
				AC14CDC91A64E709009509D5 /* main.m in Sources */,
				AC8DE4D01A6B5688006330E9 /* ListItem.m in Sources */,
				AC14CDEF1A64E85E009509D5 /* SWRevealViewController.m in Sources */,
				AC14CDF51A64F698009509D5 /* SidebarTableViewController.m in Sources */,
				AC14CDF41A64F698009509D5 /* MenuItem.m in Sources */,
			);
			runOnlyForDeploymentPostprocessing = 0;
		};
		AC14CDD81A64E709009509D5 /* Sources */ = {
			isa = PBXSourcesBuildPhase;
			buildActionMask = 2147483647;
			files = (
				AC14CDE31A64E709009509D5 /* PersianVideoTests.m in Sources */,
			);
			runOnlyForDeploymentPostprocessing = 0;
		};
/* End PBXSourcesBuildPhase section */

/* Begin PBXTargetDependency section */
		AC14CDDE1A64E709009509D5 /* PBXTargetDependency */ = {
			isa = PBXTargetDependency;
			target = AC14CDC21A64E709009509D5 /* PersianVideo */;
			targetProxy = AC14CDDD1A64E709009509D5 /* PBXContainerItemProxy */;
		};
/* End PBXTargetDependency section */

/* Begin PBXVariantGroup section */
		AC14CDD01A64E709009509D5 /* Main.storyboard */ = {
			isa = PBXVariantGroup;
			children = (
				AC14CDD11A64E709009509D5 /* Base */,
			);
			name = Main.storyboard;
			sourceTree = "<group>";
		};
		AC14CDD51A64E709009509D5 /* LaunchScreen.xib */ = {
			isa = PBXVariantGroup;
			children = (
				AC14CDD61A64E709009509D5 /* Base */,
			);
			name = LaunchScreen.xib;
			sourceTree = "<group>";
		};
/* End PBXVariantGroup section */

/* Begin XCBuildConfiguration section */
		AC14CDE41A64E709009509D5 /* Debug */ = {
			isa = XCBuildConfiguration;
			buildSettings = {
				ALWAYS_SEARCH_USER_PATHS = NO;
				CLANG_CXX_LANGUAGE_STANDARD = "gnu++0x";
				CLANG_CXX_LIBRARY = "libc++";
				CLANG_ENABLE_MODULES = YES;
				CLANG_ENABLE_OBJC_ARC = YES;
				CLANG_WARN_BOOL_CONVERSION = YES;
				CLANG_WARN_CONSTANT_CONVERSION = YES;
				CLANG_WARN_DIRECT_OBJC_ISA_USAGE = YES_ERROR;
				CLANG_WARN_EMPTY_BODY = YES;
				CLANG_WARN_ENUM_CONVERSION = YES;
				CLANG_WARN_INT_CONVERSION = YES;
				CLANG_WARN_OBJC_ROOT_CLASS = YES_ERROR;
				CLANG_WARN_UNREACHABLE_CODE = YES;
				CLANG_WARN__DUPLICATE_METHOD_MATCH = YES;
				"CODE_SIGN_IDENTITY[sdk=iphoneos*]" = "iPhone Developer";
				COPY_PHASE_STRIP = NO;
				ENABLE_STRICT_OBJC_MSGSEND = YES;
				GCC_C_LANGUAGE_STANDARD = gnu99;
				GCC_DYNAMIC_NO_PIC = NO;
				GCC_OPTIMIZATION_LEVEL = 0;
				GCC_PREPROCESSOR_DEFINITIONS = (
					"DEBUG=1",
					"$(inherited)",
				);
				GCC_SYMBOLS_PRIVATE_EXTERN = NO;
				GCC_WARN_64_TO_32_BIT_CONVERSION = YES;
				GCC_WARN_ABOUT_RETURN_TYPE = YES_ERROR;
				GCC_WARN_UNDECLARED_SELECTOR = YES;
				GCC_WARN_UNINITIALIZED_AUTOS = YES_AGGRESSIVE;
				GCC_WARN_UNUSED_FUNCTION = YES;
				GCC_WARN_UNUSED_VARIABLE = YES;
				IPHONEOS_DEPLOYMENT_TARGET = 8.1;
				MTL_ENABLE_DEBUG_INFO = YES;
				ONLY_ACTIVE_ARCH = YES;
				SDKROOT = iphoneos;
				TARGETED_DEVICE_FAMILY = "1,2";
			};
			name = Debug;
		};
		AC14CDE51A64E709009509D5 /* Release */ = {
			isa = XCBuildConfiguration;
			buildSettings = {
				ALWAYS_SEARCH_USER_PATHS = NO;
				CLANG_CXX_LANGUAGE_STANDARD = "gnu++0x";
				CLANG_CXX_LIBRARY = "libc++";
				CLANG_ENABLE_MODULES = YES;
				CLANG_ENABLE_OBJC_ARC = YES;
				CLANG_WARN_BOOL_CONVERSION = YES;
				CLANG_WARN_CONSTANT_CONVERSION = YES;
				CLANG_WARN_DIRECT_OBJC_ISA_USAGE = YES_ERROR;
				CLANG_WARN_EMPTY_BODY = YES;
				CLANG_WARN_ENUM_CONVERSION = YES;
				CLANG_WARN_INT_CONVERSION = YES;
				CLANG_WARN_OBJC_ROOT_CLASS = YES_ERROR;
				CLANG_WARN_UNREACHABLE_CODE = YES;
				CLANG_WARN__DUPLICATE_METHOD_MATCH = YES;
				"CODE_SIGN_IDENTITY[sdk=iphoneos*]" = "iPhone Developer";
				COPY_PHASE_STRIP = YES;
				ENABLE_NS_ASSERTIONS = NO;
				ENABLE_STRICT_OBJC_MSGSEND = YES;
				GCC_C_LANGUAGE_STANDARD = gnu99;
				GCC_WARN_64_TO_32_BIT_CONVERSION = YES;
				GCC_WARN_ABOUT_RETURN_TYPE = YES_ERROR;
				GCC_WARN_UNDECLARED_SELECTOR = YES;
				GCC_WARN_UNINITIALIZED_AUTOS = YES_AGGRESSIVE;
				GCC_WARN_UNUSED_FUNCTION = YES;
				GCC_WARN_UNUSED_VARIABLE = YES;
				IPHONEOS_DEPLOYMENT_TARGET = 8.1;
				MTL_ENABLE_DEBUG_INFO = NO;
				SDKROOT = iphoneos;
				TARGETED_DEVICE_FAMILY = "1,2";
				VALIDATE_PRODUCT = YES;
			};
			name = Release;
		};
		AC14CDE71A64E709009509D5 /* Debug */ = {
			isa = XCBuildConfiguration;
			baseConfigurationReference = 7C50C409904DAC5AA68DE084 /* Pods.debug.xcconfig */;
			buildSettings = {
				ASSETCATALOG_COMPILER_APPICON_NAME = AppIcon;
				CODE_SIGN_IDENTITY = "iPhone Developer";
				"CODE_SIGN_IDENTITY[sdk=iphoneos*]" = "iPhone Developer";
				INFOPLIST_FILE = PersianVideo/Info.plist;
				LD_RUNPATH_SEARCH_PATHS = "$(inherited) @executable_path/Frameworks";
				PRODUCT_NAME = "$(TARGET_NAME)";
				PROVISIONING_PROFILE = "";
			};
			name = Debug;
		};
		AC14CDE81A64E709009509D5 /* Release */ = {
			isa = XCBuildConfiguration;
			baseConfigurationReference = A94517D5A9C78D7D9649FBB8 /* Pods.release.xcconfig */;
			buildSettings = {
				ASSETCATALOG_COMPILER_APPICON_NAME = AppIcon;
				CODE_SIGN_IDENTITY = "iPhone Developer";
				"CODE_SIGN_IDENTITY[sdk=iphoneos*]" = "iPhone Developer";
				INFOPLIST_FILE = PersianVideo/Info.plist;
				LD_RUNPATH_SEARCH_PATHS = "$(inherited) @executable_path/Frameworks";
				PRODUCT_NAME = "$(TARGET_NAME)";
				PROVISIONING_PROFILE = "";
			};
			name = Release;
		};
		AC14CDEA1A64E709009509D5 /* Debug */ = {
			isa = XCBuildConfiguration;
			buildSettings = {
				BUNDLE_LOADER = "$(TEST_HOST)";
				CODE_SIGN_IDENTITY = "iPhone Developer";
				"CODE_SIGN_IDENTITY[sdk=iphoneos*]" = "iPhone Developer";
				FRAMEWORK_SEARCH_PATHS = (
					"$(SDKROOT)/Developer/Library/Frameworks",
					"$(inherited)",
				);
				GCC_PREPROCESSOR_DEFINITIONS = (
					"DEBUG=1",
					"$(inherited)",
				);
				INFOPLIST_FILE = PersianVideoTests/Info.plist;
				LD_RUNPATH_SEARCH_PATHS = "$(inherited) @executable_path/Frameworks @loader_path/Frameworks";
				PRODUCT_NAME = "$(TARGET_NAME)";
				PROVISIONING_PROFILE = "";
				TEST_HOST = "$(BUILT_PRODUCTS_DIR)/PersianVideo.app/PersianVideo";
			};
			name = Debug;
		};
		AC14CDEB1A64E709009509D5 /* Release */ = {
			isa = XCBuildConfiguration;
			buildSettings = {
				BUNDLE_LOADER = "$(TEST_HOST)";
				CODE_SIGN_IDENTITY = "iPhone Developer";
				"CODE_SIGN_IDENTITY[sdk=iphoneos*]" = "iPhone Developer";
				FRAMEWORK_SEARCH_PATHS = (
					"$(SDKROOT)/Developer/Library/Frameworks",
					"$(inherited)",
				);
				INFOPLIST_FILE = PersianVideoTests/Info.plist;
				LD_RUNPATH_SEARCH_PATHS = "$(inherited) @executable_path/Frameworks @loader_path/Frameworks";
				PRODUCT_NAME = "$(TARGET_NAME)";
				PROVISIONING_PROFILE = "";
				TEST_HOST = "$(BUILT_PRODUCTS_DIR)/PersianVideo.app/PersianVideo";
			};
			name = Release;
		};
/* End XCBuildConfiguration section */

/* Begin XCConfigurationList section */
		AC14CDBE1A64E709009509D5 /* Build configuration list for PBXProject "PersianVideo" */ = {
			isa = XCConfigurationList;
			buildConfigurations = (
				AC14CDE41A64E709009509D5 /* Debug */,
				AC14CDE51A64E709009509D5 /* Release */,
			);
			defaultConfigurationIsVisible = 0;
			defaultConfigurationName = Release;
		};
		AC14CDE61A64E709009509D5 /* Build configuration list for PBXNativeTarget "PersianVideo" */ = {
			isa = XCConfigurationList;
			buildConfigurations = (
				AC14CDE71A64E709009509D5 /* Debug */,
				AC14CDE81A64E709009509D5 /* Release */,
			);
			defaultConfigurationIsVisible = 0;
			defaultConfigurationName = Release;
		};
		AC14CDE91A64E709009509D5 /* Build configuration list for PBXNativeTarget "PersianVideoTests" */ = {
			isa = XCConfigurationList;
			buildConfigurations = (
				AC14CDEA1A64E709009509D5 /* Debug */,
				AC14CDEB1A64E709009509D5 /* Release */,
			);
			defaultConfigurationIsVisible = 0;
			defaultConfigurationName = Release;
		};
/* End XCConfigurationList section */
	};
	rootObject = AC14CDBB1A64E709009509D5 /* Project object */;
}
